
Microsoft Visual Studio Solution File, Format Version 12.00
# Visual Studio Version 16
VisualStudioVersion = 16.0.30011.22
MinimumVisualStudioVersion = 10.0.40219.1
Project("{FAE04EC0-301F-11D3-BF4B-00C04F79EFBC}") = "computervision", "computervision\computervision.csproj", "{01278343-B085-480B-B46D-D43CB67A4128}"
EndProject
Global
	GlobalSection(SolutionConfigurationPlatforms) = preSolution
		Debug|Any CPU = Debug|Any CPU
		Release|Any CPU = Release|Any CPU
	EndGlobalSection
	GlobalSection(ProjectConfigurationPlatforms) = postSolution
		{01278343-B085-480B-B46D-D43CB67A4128}.Debug|Any CPU.ActiveCfg = Debug|Any CPU
		{01278343-B085-480B-B46D-D43CB67A4128}.Debug|Any CPU.Build.0 = Debug|Any CPU
		{01278343-B085-480B-B46D-D43CB67A4128}.Release|Any CPU.ActiveCfg = Release|Any CPU
		{01278343-B085-480B-B46D-D43CB67A4128}.Release|Any CPU.Build.0 = Release|Any CPU
	EndGlobalSection
	GlobalSection(SolutionProperties) = preSolution
		HideSolutionNode = FALSE
	EndGlobalSection
	GlobalSection(ExtensibilityGlobals) = postSolution
		SolutionGuid = {2A5DF0A9-DFFB-413F-8201-E1A54C073BE4}
	EndGlobalSection
EndGlobal
